github.com/avast/apkparser v0.0.0-20190516101250-3b8c5efcb6a9/go.mod h1:c0733VBXm1we9M1zCtoOspplSwOYebS3hpDkJyMORRU=
github.com/avast/apkparser v0.0.0-20200102113521-69bcdd9c2403/go.mod h1:eZzHNfZWA1eeKPQE3LVmfRw32lhrH351jDCsma9qxOc=
github.com/avast/apkparser v0.0.0-20200402131724-9fd46d5c4749/go.mod h1:CSBdDZNEsGRYPiDt9QcGrIy8iWQ9YzB1rcuxn44+0jc=
github.com/avast/apkparser v0.0.0-20200924103028-30471fa5618f/go.mod h1:SKNzWGFyNJji/Z+iXjPCpmpFPvenFuhLjrSLCwCM/cM=
github.com/avast/apkparser v0.0.0-20210223100516-186f320f9bfc/go.mod h1:98WPhH/r8MbKpffuuDCAGtPyzSI2IVwXBcWAlXhMVC4=
github.com/avast/apkverifier v0.0.0-20190808142831-dbbe53a24744 h1:c6iF4iXMEye7sehR8x94avWBX8XXFemB7ZpE903T1AA=
github.com/avast/apkverifier v0.0.0-20190808142831-dbbe53a24744/go.mod h1:mhWRoMg0KhvWt8SX7B2v2E3VfWt5jWfHfD9PtWAN+qM=
github.com/avast/apkverifier v0.0.0-20200217113957-e2715ed639dd h1:JG5tSUMe1eQbN/X7ULZxLjLRjNhzMZfWEYxTxGm+gBc=
github.com/avast/apkverifier v0.0.0-20200217113957-e2715ed639dd/go.mod h1:SV58cyAAN+SzX8GIBhizatMJNGcDyfQUj/xZUlKRW+I=
github.com/avast/apkverifier v0.0.0-20200217135742-aa28c80b82ae h1:yNhhCebTTCghgDAZ7X5EQoaa7+nwOxglmSCsF5osMFw=
github.com/avast/apkverifier v0.0.0-20200217135742-aa28c80b82ae/go.mod h1:SV58cyAAN+SzX8GIBhizatMJNGcDyfQUj/xZUlKRW+I=
github.com/avast/apkverifier v0.0.0-20200416104336-6c1a563fa49d h1:AeG4tMRAeMnz3C2qjrq6d2V2ZYuQNMCnL5ghCPBubdQ=
github.com/avast/apkverifier v0.0.0-20200416104336-6c1a563fa49d/go.mod h1:SV58cyAAN+SzX8GIBhizatMJNGcDyfQUj/xZUlKRW+I=
github.com/avast/apkverifier v0.0.0-20200416105355-97c5338f32f0 h1:Ybldr9XobZ93hnxcx3NQQtiL4he9KdCT3QPO81L7Ubk=
github.com/avast/apkverifier v0.0.0-20200416105355-97c5338f32f0/go.mod h1:HskRSJJJbP3poUkDRAyRAdDVSsh5J1mz8cRc2/B4kbc=
github.com/avast/apkverifier v0.0.0-20210219091129-84eb1ad7849d h1:TAKnjm13L+6ond8cfEVHQYosSBnqKGi+psRzcd3/+78=
github.com/avast/apkverifier v0.0.0-20210219091129-84eb1ad7849d/go.mod h1:uhY/I/3Vh3V6ZFgLm/EFX/j5//MdoXpvcULTtzRW3YA=
github.com/avast/apkverifier v0.0.0-20210219091843-33631264c352 h1:HR6ckMceGl7SPZIzJnX3FQt9Nei5Xkw+EkRzbToZ8is=
github.com/avast/apkverifier v0.0.0-20210219091843-33631264c352/go.mod h1:uhY/I/3Vh3V6ZFgLm/EFX/j5//MdoXpvcULTtzRW3YA=
github.com/avast/apkverifier v0.0.0-20210223101927-19460aee670a h1:ur9vm9VikPSpmc3Ari3qKrq558l36hNbbgH2YdRjLUo=
github.com/avast/apkverifier v0.0.0-20210223101927-19460aee670a/go.mod h1:APQFx11UQTdbLKlZVJQFddZcJZxoHl6NnJfHN7foLD8=
github.com/avast/apkverifier v0.0.0-20210301095611-0041ecbb664b h1:/YnsBdOqwoE6+8P4gxHwG56pY7zCNcDeYeg+oMsTCf4=
github.com/avast/apkverifier v0.0.0-20210301095611-0041ecbb664b/go.mod h1:APQFx11UQTdbLKlZVJQFddZcJZxoHl6NnJfHN7foLD8=
github.com/avast/apkverifier v0.0.0-20210301101718-290c8f7fccf7 h1:QB7jwqwBLcAZHDepJC/TScaYP3tHv1E3BvM1vh48W24=
github.com/avast/apkverifier v0.0.0-20210301101718-290c8f7fccf7/go.mod h1:APQFx11UQTdbLKlZVJQFddZcJZxoHl6NnJfHN7foLD8=
github.com/klauspost/compress v1.11.0 h1:wJbzvpYMVGG9iTI9VxpnNZfd4DzMPoCWze3GgSqz8yg=
github.com/klauspost/compress v1.11.0/go.mod h1:aoV0uJVorq1K+umq18yTdKaF57EivdYsUV+/s2qKfXs=
github.com/klauspost/compress v1.11.7 h1:0hzRabrMN4tSTvMfnL3SCv1ZGeAP23ynzodBgaHeMeg=
github.com/klauspost/compress v1.11.7/go.mod h1:aoV0uJVorq1K+umq18yTdKaF57EivdYsUV+/s2qKfXs=
github.com/klauspost/compress v1.11.8 h1:difgzQsp5mdAz9v8lm3P/I+EpDKMU/6uTMw1y1FObuo=
github.com/klauspost/compress v1.11.8/go.mod h1:aoV0uJVorq1K+umq18yTdKaF57EivdYsUV+/s2qKfXs=
