github.com/avast/apkparser v0.0.0-20190516101250-3b8c5efcb6a9/go.mod h1:c0733VBXm1we9M1zCtoOspplSwOYebS3hpDkJyMORRU=
github.com/avast/apkparser v0.0.0-20200102113521-69bcdd9c2403/go.mod h1:eZzHNfZWA1eeKPQE3LVmfRw32lhrH351jDCsma9qxOc=
github.com/avast/apkparser v0.0.0-20200402131724-9fd46d5c4749/go.mod h1:CSBdDZNEsGRYPiDt9QcGrIy8iWQ9YzB1rcuxn44+0jc=
github.com/avast/apkparser v0.0.0-20200924103028-30471fa5618f/go.mod h1:SKNzWGFyNJji/Z+iXjPCpmpFPvenFuhLjrSLCwCM/cM=
github.com/avast/apkparser v0.0.0-20210223100516-186f320f9bfc/go.mod h1:98WPhH/r8MbKpffuuDCAGtPyzSI2IVwXBcWAlXhMVC4=
github.com/avast/apkparser v0.0.0-20221012080151-bfc57d4d0502/go.mod h1:+p/TgE5RkPjTZkzIeZ1Ut/xlKcxsdJtNOuT33v8DKQU=
github.com/avast/apkparser v0.0.0-20230614091518-10cb8617da43/go.mod h1:Q9VJUqVyJjIsFm+2rS5ongUUeHjoTG4b0LanUo7A2yk=
github.com/avast/apkverifier v0.0.0-20190808142831-dbbe53a24744/go.mod h1:mhWRoMg0KhvWt8SX7B2v2E3VfWt5jWfHfD9PtWAN+qM=
github.com/avast/apkverifier v0.0.0-20200217135742-aa28c80b82ae/go.mod h1:SV58cyAAN+SzX8GIBhizatMJNGcDyfQUj/xZUlKRW+I=
github.com/avast/apkverifier v0.0.0-20200416105355-97c5338f32f0/go.mod h1:HskRSJJJbP3poUkDRAyRAdDVSsh5J1mz8cRc2/B4kbc=
github.com/avast/apkverifier v0.0.0-20210219091843-33631264c352/go.mod h1:uhY/I/3Vh3V6ZFgLm/EFX/j5//MdoXpvcULTtzRW3YA=
github.com/avast/apkverifier v0.0.0-20210916093748-2146ff7c4b7f/go.mod h1:APQFx11UQTdbLKlZVJQFddZcJZxoHl6NnJfHN7foLD8=
github.com/avast/apkverifier v0.0.0-20221110131049-7720fc1ebef0/go.mod h1:fnZDjIhf6G9k2Qr2f9IZcXctjGmzOK3y2II9gdG1GP8=
github.com/avast/apkverifier v0.0.0-20231031113634-2a81e2edb41e h1:qVKGnsIs2Aeby7lzamsKbGBWAF23Y6rKosZUcTFPe20=
github.com/avast/apkverifier v0.0.0-20231031113634-2a81e2edb41e/go.mod h1:20AsdAxqNdbHqHu2oNAOEIxPeK7uUcI3WjOw8BeGuTM=
github.com/klauspost/compress v1.11.0/go.mod h1:aoV0uJVorq1K+umq18yTdKaF57EivdYsUV+/s2qKfXs=
github.com/klauspost/compress v1.11.7/go.mod h1:aoV0uJVorq1K+umq18yTdKaF57EivdYsUV+/s2qKfXs=
github.com/klauspost/compress v1.11.8/go.mod h1:aoV0uJVorq1K+umq18yTdKaF57EivdYsUV+/s2qKfXs=
github.com/klauspost/compress v1.15.12/go.mod h1:QPwzmACJjUTFsnSHH934V6woptycfrDDJnH7hvFVbGM=
github.com/klauspost/compress v1.16.6 h1:91SKEy4K37vkp255cJ8QesJhjyRO0hn9i9G0GoUwLsk=
github.com/klauspost/compress v1.16.6/go.mod h1:ntbaceVETuRiXiv4DpjP66DpAtAGkEQskQzEyD//IeE=
